
Microsoft Visual Studio Solution File, Format Version 12.00
# Visual Studio Version 17
VisualStudioVersion = 17.13.35913.81 d17.13
MinimumVisualStudioVersion = 10.0.40219.1
Project("{FAE04EC0-301F-11D3-BF4B-00C04F79EFBC}") = "Factorial", "Factorial.csproj", "{DF92D6CB-962F-43B3-A844-DCD09867D8FF}"
EndProject
Global
	GlobalSection(SolutionConfigurationPlatforms) = preSolution
		Debug|Any CPU = Debug|Any CPU
		Release|Any CPU = Release|Any CPU
	EndGlobalSection
	GlobalSection(ProjectConfigurationPlatforms) = postSolution
		{DF92D6CB-962F-43B3-A844-DCD09867D8FF}.Debug|Any CPU.ActiveCfg = Debug|Any CPU
		{DF92D6CB-962F-43B3-A844-DCD09867D8FF}.Debug|Any CPU.Build.0 = Debug|Any CPU
		{DF92D6CB-962F-43B3-A844-DCD09867D8FF}.Release|Any CPU.ActiveCfg = Release|Any CPU
		{DF92D6CB-962F-43B3-A844-DCD09867D8FF}.Release|Any CPU.Build.0 = Release|Any CPU
	EndGlobalSection
	GlobalSection(SolutionProperties) = preSolution
		HideSolutionNode = FALSE
	EndGlobalSection
	GlobalSection(ExtensibilityGlobals) = postSolution
		SolutionGuid = {85ED9BE8-66F9-4479-B927-60320B874353}
	EndGlobalSection
EndGlobal
