
Microsoft Visual Studio Solution File, Format Version 12.00
# Visual Studio Version 17
VisualStudioVersion = 17.13.35913.81 d17.13
MinimumVisualStudioVersion = 10.0.40219.1
Project("{FAE04EC0-301F-11D3-BF4B-00C04F79EFBC}") = "PizzaOrder", "PizzaOrder.csproj", "{5EB45529-BFCB-4FDA-8C6C-A08AE7D5EF4F}"
EndProject
Global
	GlobalSection(SolutionConfigurationPlatforms) = preSolution
		Debug|Any CPU = Debug|Any CPU
		Release|Any CPU = Release|Any CPU
	EndGlobalSection
	GlobalSection(ProjectConfigurationPlatforms) = postSolution
		{5EB45529-BFCB-4FDA-8C6C-A08AE7D5EF4F}.Debug|Any CPU.ActiveCfg = Debug|Any CPU
		{5EB45529-BFCB-4FDA-8C6C-A08AE7D5EF4F}.Debug|Any CPU.Build.0 = Debug|Any CPU
		{5EB45529-BFCB-4FDA-8C6C-A08AE7D5EF4F}.Release|Any CPU.ActiveCfg = Release|Any CPU
		{5EB45529-BFCB-4FDA-8C6C-A08AE7D5EF4F}.Release|Any CPU.Build.0 = Release|Any CPU
	EndGlobalSection
	GlobalSection(SolutionProperties) = preSolution
		HideSolutionNode = FALSE
	EndGlobalSection
	GlobalSection(ExtensibilityGlobals) = postSolution
		SolutionGuid = {3A74C663-F1C7-44F8-9797-AAD637435D84}
	EndGlobalSection
EndGlobal
